// !$*UTF8*$!
{
	archiveVersion = 1;
	classes = {
	};
	objectVersion = 48;
	objects = {

/* Begin PBXBuildFile section */
		D066A0442057A18D00C25D53 /* ViewController.swift in Sources */ = {isa = PBXBuildFile; fileRef = D066A03C2057A18D00C25D53 /* ViewController.swift */; };
		D066A0452057A18D00C25D53 /* Assets.xcassets in Resources */ = {isa = PBXBuildFile; fileRef = D066A03D2057A18D00C25D53 /* Assets.xcassets */; };
		D066A0462057A18D00C25D53 /* LaunchScreen.storyboard in Resources */ = {isa = PBXBuildFile; fileRef = D066A03E2057A18D00C25D53 /* LaunchScreen.storyboard */; };
		D066A0472057A18D00C25D53 /* Main.storyboard in Resources */ = {isa = PBXBuildFile; fileRef = D066A0402057A18D00C25D53 /* Main.storyboard */; };
		D066A0482057A18D00C25D53 /* AppDelegate.swift in Sources */ = {isa = PBXBuildFile; fileRef = D066A0422057A18D00C25D53 /* AppDelegate.swift */; };
		D066A0492057A18D00C25D53 /* Info.plist in Resources */ = {isa = PBXBuildFile; fileRef = D066A0432057A18D00C25D53 /* Info.plist */; };
		D066A04C2057A1A500C25D53 /* WLTimeView.swift in Sources */ = {isa = PBXBuildFile; fileRef = D066A04B2057A1A500C25D53 /* WLTimeView.swift */; };
/* End PBXBuildFile section */

/* Begin PBXFileReference section */
		D015B14F2056135500438FE1 /* WLTimeFrame.app */ = {isa = PBXFileReference; explicitFileType = wrapper.application; includeInIndex = 0; path = WLTimeFrame.app; sourceTree = BUILT_PRODUCTS_DIR; };
		D066A03C2057A18D00C25D53 /* ViewController.swift */ = {isa = PBXFileReference; fileEncoding = 4; lastKnownFileType = sourcecode.swift; path = ViewController.swift; sourceTree = "<group>"; };
		D066A03D2057A18D00C25D53 /* Assets.xcassets */ = {isa = PBXFileReference; lastKnownFileType = folder.assetcatalog; path = Assets.xcassets; sourceTree = "<group>"; };
		D066A03F2057A18D00C25D53 /* Base */ = {isa = PBXFileReference; lastKnownFileType = file.storyboard; name = Base; path = Base.lproj/LaunchScreen.storyboard; sourceTree = "<group>"; };
		D066A0412057A18D00C25D53 /* Base */ = {isa = PBXFileReference; lastKnownFileType = file.storyboard; name = Base; path = Base.lproj/Main.storyboard; sourceTree = "<group>"; };
		D066A0422057A18D00C25D53 /* AppDelegate.swift */ = {isa = PBXFileReference; fileEncoding = 4; lastKnownFileType = sourcecode.swift; path = AppDelegate.swift; sourceTree = "<group>"; };
		D066A0432057A18D00C25D53 /* Info.plist */ = {isa = PBXFileReference; fileEncoding = 4; lastKnownFileType = text.plist.xml; path = Info.plist; sourceTree = "<group>"; };
		D066A04B2057A1A500C25D53 /* WLTimeView.swift */ = {isa = PBXFileReference; fileEncoding = 4; lastKnownFileType = sourcecode.swift; path = WLTimeView.swift; sourceTree = "<group>"; };
/* End PBXFileReference section */

/* Begin PBXFrameworksBuildPhase section */
		D015B14C2056135500438FE1 /* Frameworks */ = {
			isa = PBXFrameworksBuildPhase;
			buildActionMask = 2147483647;
			files = (
			);
			runOnlyForDeploymentPostprocessing = 0;
		};
/* End PBXFrameworksBuildPhase section */

/* Begin PBXGroup section */
		D015B1462056135500438FE1 = {
			isa = PBXGroup;
			children = (
				D066A04A2057A1A500C25D53 /* WLTimeView */,
				D066A03B2057A18D00C25D53 /* WLTimeFrameDemo */,
				D015B1502056135500438FE1 /* Products */,
			);
			sourceTree = "<group>";
		};
		D015B1502056135500438FE1 /* Products */ = {
			isa = PBXGroup;
			children = (
				D015B14F2056135500438FE1 /* WLTimeFrame.app */,
			);
			name = Products;
			sourceTree = "<group>";
		};
		D066A03B2057A18D00C25D53 /* WLTimeFrameDemo */ = {
			isa = PBXGroup;
			children = (
				D066A03C2057A18D00C25D53 /* ViewController.swift */,
				D066A03D2057A18D00C25D53 /* Assets.xcassets */,
				D066A03E2057A18D00C25D53 /* LaunchScreen.storyboard */,
				D066A0402057A18D00C25D53 /* Main.storyboard */,
				D066A0422057A18D00C25D53 /* AppDelegate.swift */,
				D066A0432057A18D00C25D53 /* Info.plist */,
			);
			path = WLTimeFrameDemo;
			sourceTree = "<group>";
		};
		D066A04A2057A1A500C25D53 /* WLTimeView */ = {
			isa = PBXGroup;
			children = (
				D066A04B2057A1A500C25D53 /* WLTimeView.swift */,
			);
			path = WLTimeView;
			sourceTree = "<group>";
		};
/* End PBXGroup section */

/* Begin PBXNativeTarget section */
		D015B14E2056135500438FE1 /* WLTimeFrame */ = {
			isa = PBXNativeTarget;
			buildConfigurationList = D015B1612056135500438FE1 /* Build configuration list for PBXNativeTarget "WLTimeFrame" */;
			buildPhases = (
				D015B14B2056135500438FE1 /* Sources */,
				D015B14C2056135500438FE1 /* Frameworks */,
				D015B14D2056135500438FE1 /* Resources */,
			);
			buildRules = (
			);
			dependencies = (
			);
			name = WLTimeFrame;
			productName = WLTimeFrame;
			productReference = D015B14F2056135500438FE1 /* WLTimeFrame.app */;
			productType = "com.apple.product-type.application";
		};
/* End PBXNativeTarget section */

/* Begin PBXProject section */
		D015B1472056135500438FE1 /* Project object */ = {
			isa = PBXProject;
			attributes = {
				LastSwiftUpdateCheck = 0920;
				LastUpgradeCheck = 0920;
				ORGANIZATIONNAME = luowanglin;
				TargetAttributes = {
					D015B14E2056135500438FE1 = {
						CreatedOnToolsVersion = 9.2;
						ProvisioningStyle = Automatic;
					};
				};
			};
			buildConfigurationList = D015B14A2056135500438FE1 /* Build configuration list for PBXProject "WLTimeFrameDemo" */;
			compatibilityVersion = "Xcode 8.0";
			developmentRegion = en;
			hasScannedForEncodings = 0;
			knownRegions = (
				en,
				Base,
			);
			mainGroup = D015B1462056135500438FE1;
			productRefGroup = D015B1502056135500438FE1 /* Products */;
			projectDirPath = "";
			projectRoot = "";
			targets = (
				D015B14E2056135500438FE1 /* WLTimeFrame */,
			);
		};
/* End PBXProject section */

/* Begin PBXResourcesBuildPhase section */
		D015B14D2056135500438FE1 /* Resources */ = {
			isa = PBXResourcesBuildPhase;
			buildActionMask = 2147483647;
			files = (
				D066A0492057A18D00C25D53 /* Info.plist in Resources */,
				D066A0472057A18D00C25D53 /* Main.storyboard in Resources */,
				D066A0452057A18D00C25D53 /* Assets.xcassets in Resources */,
				D066A0462057A18D00C25D53 /* LaunchScreen.storyboard in Resources */,
			);
			runOnlyForDeploymentPostprocessing = 0;
		};
/* End PBXResourcesBuildPhase section */

/* Begin PBXSourcesBuildPhase section */
		D015B14B2056135500438FE1 /* Sources */ = {
			isa = PBXSourcesBuildPhase;
			buildActionMask = 2147483647;
			files = (
				D066A04C2057A1A500C25D53 /* WLTimeView.swift in Sources */,
				D066A0482057A18D00C25D53 /* AppDelegate.swift in Sources */,
				D066A0442057A18D00C25D53 /* ViewController.swift in Sources */,
			);
			runOnlyForDeploymentPostprocessing = 0;
		};
/* End PBXSourcesBuildPhase section */

/* Begin PBXVariantGroup section */
		D066A03E2057A18D00C25D53 /* LaunchScreen.storyboard */ = {
			isa = PBXVariantGroup;
			children = (
				D066A03F2057A18D00C25D53 /* Base */,
			);
			name = LaunchScreen.storyboard;
			sourceTree = "<group>";
		};
		D066A0402057A18D00C25D53 /* Main.storyboard */ = {
			isa = PBXVariantGroup;
			children = (
				D066A0412057A18D00C25D53 /* Base */,
			);
			name = Main.storyboard;
			sourceTree = "<group>";
		};
/* End PBXVariantGroup section */

/* Begin XCBuildConfiguration section */
		D015B15F2056135500438FE1 /* Debug */ = {
			isa = XCBuildConfiguration;
			buildSettings = {
				ALWAYS_SEARCH_USER_PATHS = NO;
				CLANG_ANALYZER_NONNULL = YES;
				CLANG_ANALYZER_NUMBER_OBJECT_CONVERSION = YES_AGGRESSIVE;
				CLANG_CXX_LANGUAGE_STANDARD = "gnu++14";
				CLANG_CXX_LIBRARY = "libc++";
				CLANG_ENABLE_MODULES = YES;
				CLANG_ENABLE_OBJC_ARC = YES;
				CLANG_WARN_BLOCK_CAPTURE_AUTORELEASING = YES;
				CLANG_WARN_BOOL_CONVERSION = YES;
				CLANG_WARN_COMMA = YES;
				CLANG_WARN_CONSTANT_CONVERSION = YES;
				CLANG_WARN_DIRECT_OBJC_ISA_USAGE = YES_ERROR;
				CLANG_WARN_DOCUMENTATION_COMMENTS = YES;
				CLANG_WARN_EMPTY_BODY = YES;
				CLANG_WARN_ENUM_CONVERSION = YES;
				CLANG_WARN_INFINITE_RECURSION = YES;
				CLANG_WARN_INT_CONVERSION = YES;
				CLANG_WARN_NON_LITERAL_NULL_CONVERSION = YES;
				CLANG_WARN_OBJC_LITERAL_CONVERSION = YES;
				CLANG_WARN_OBJC_ROOT_CLASS = YES_ERROR;
				CLANG_WARN_RANGE_LOOP_ANALYSIS = YES;
				CLANG_WARN_STRICT_PROTOTYPES = YES;
				CLANG_WARN_SUSPICIOUS_MOVE = YES;
				CLANG_WARN_UNGUARDED_AVAILABILITY = YES_AGGRESSIVE;
				CLANG_WARN_UNREACHABLE_CODE = YES;
				CLANG_WARN__DUPLICATE_METHOD_MATCH = YES;
				CODE_SIGN_IDENTITY = "iPhone Developer";
				COPY_PHASE_STRIP = NO;
				DEBUG_INFORMATION_FORMAT = dwarf;
				ENABLE_STRICT_OBJC_MSGSEND = YES;
				ENABLE_TESTABILITY = YES;
				GCC_C_LANGUAGE_STANDARD = gnu11;
				GCC_DYNAMIC_NO_PIC = NO;
				GCC_NO_COMMON_BLOCKS = YES;
				GCC_OPTIMIZATION_LEVEL = 0;
				GCC_PREPROCESSOR_DEFINITIONS = (
					"DEBUG=1",
					"$(inherited)",
				);
				GCC_WARN_64_TO_32_BIT_CONVERSION = YES;
				GCC_WARN_ABOUT_RETURN_TYPE = YES_ERROR;
				GCC_WARN_UNDECLARED_SELECTOR = YES;
				GCC_WARN_UNINITIALIZED_AUTOS = YES_AGGRESSIVE;
				GCC_WARN_UNUSED_FUNCTION = YES;
				GCC_WARN_UNUSED_VARIABLE = YES;
				IPHONEOS_DEPLOYMENT_TARGET = 11.2;
				MTL_ENABLE_DEBUG_INFO = YES;
				ONLY_ACTIVE_ARCH = YES;
				SDKROOT = iphoneos;
				SWIFT_ACTIVE_COMPILATION_CONDITIONS = DEBUG;
				SWIFT_OPTIMIZATION_LEVEL = "-Onone";
			};
			name = Debug;
		};
		D015B1602056135500438FE1 /* Release */ = {
			isa = XCBuildConfiguration;
			buildSettings = {
				ALWAYS_SEARCH_USER_PATHS = NO;
				CLANG_ANALYZER_NONNULL = YES;
				CLANG_ANALYZER_NUMBER_OBJECT_CONVERSION = YES_AGGRESSIVE;
				CLANG_CXX_LANGUAGE_STANDARD = "gnu++14";
				CLANG_CXX_LIBRARY = "libc++";
				CLANG_ENABLE_MODULES = YES;
				CLANG_ENABLE_OBJC_ARC = YES;
				CLANG_WARN_BLOCK_CAPTURE_AUTORELEASING = YES;
				CLANG_WARN_BOOL_CONVERSION = YES;
				CLANG_WARN_COMMA = YES;
				CLANG_WARN_CONSTANT_CONVERSION = YES;
				CLANG_WARN_DIRECT_OBJC_ISA_USAGE = YES_ERROR;
				CLANG_WARN_DOCUMENTATION_COMMENTS = YES;
				CLANG_WARN_EMPTY_BODY = YES;
				CLANG_WARN_ENUM_CONVERSION = YES;
				CLANG_WARN_INFINITE_RECURSION = YES;
				CLANG_WARN_INT_CONVERSION = YES;
				CLANG_WARN_NON_LITERAL_NULL_CONVERSION = YES;
				CLANG_WARN_OBJC_LITERAL_CONVERSION = YES;
				CLANG_WARN_OBJC_ROOT_CLASS = YES_ERROR;
				CLANG_WARN_RANGE_LOOP_ANALYSIS = YES;
				CLANG_WARN_STRICT_PROTOTYPES = YES;
				CLANG_WARN_SUSPICIOUS_MOVE = YES;
				CLANG_WARN_UNGUARDED_AVAILABILITY = YES_AGGRESSIVE;
				CLANG_WARN_UNREACHABLE_CODE = YES;
				CLANG_WARN__DUPLICATE_METHOD_MATCH = YES;
				CODE_SIGN_IDENTITY = "iPhone Developer";
				COPY_PHASE_STRIP = NO;
				DEBUG_INFORMATION_FORMAT = "dwarf-with-dsym";
				ENABLE_NS_ASSERTIONS = NO;
				ENABLE_STRICT_OBJC_MSGSEND = YES;
				GCC_C_LANGUAGE_STANDARD = gnu11;
				GCC_NO_COMMON_BLOCKS = YES;
				GCC_WARN_64_TO_32_BIT_CONVERSION = YES;
				GCC_WARN_ABOUT_RETURN_TYPE = YES_ERROR;
				GCC_WARN_UNDECLARED_SELECTOR = YES;
				GCC_WARN_UNINITIALIZED_AUTOS = YES_AGGRESSIVE;
				GCC_WARN_UNUSED_FUNCTION = YES;
				GCC_WARN_UNUSED_VARIABLE = YES;
				IPHONEOS_DEPLOYMENT_TARGET = 11.2;
				MTL_ENABLE_DEBUG_INFO = NO;
				SDKROOT = iphoneos;
				SWIFT_OPTIMIZATION_LEVEL = "-Owholemodule";
				VALIDATE_PRODUCT = YES;
			};
			name = Release;
		};
		D015B1622056135500438FE1 /* Debug */ = {
			isa = XCBuildConfiguration;
			buildSettings = {
				ASSETCATALOG_COMPILER_APPICON_NAME = AppIcon;
				CODE_SIGN_STYLE = Automatic;
				DEVELOPMENT_TEAM = H7L43VYUJ7;
				INFOPLIST_FILE = WLTimeFrameDemo/Info.plist;
				IPHONEOS_DEPLOYMENT_TARGET = 8.0;
				LD_RUNPATH_SEARCH_PATHS = "$(inherited) @executable_path/Frameworks";
				PRODUCT_BUNDLE_IDENTIFIER = com.luowanglin.WLTimeFrame;
				PRODUCT_NAME = "$(TARGET_NAME)";
				SWIFT_VERSION = 4.0;
				TARGETED_DEVICE_FAMILY = 1;
			};
			name = Debug;
		};
		D015B1632056135500438FE1 /* Release */ = {
			isa = XCBuildConfiguration;
			buildSettings = {
				ASSETCATALOG_COMPILER_APPICON_NAME = AppIcon;
				CODE_SIGN_STYLE = Automatic;
				DEVELOPMENT_TEAM = H7L43VYUJ7;
				INFOPLIST_FILE = WLTimeFrameDemo/Info.plist;
				IPHONEOS_DEPLOYMENT_TARGET = 8.0;
				LD_RUNPATH_SEARCH_PATHS = "$(inherited) @executable_path/Frameworks";
				PRODUCT_BUNDLE_IDENTIFIER = com.luowanglin.WLTimeFrame;
				PRODUCT_NAME = "$(TARGET_NAME)";
				SWIFT_VERSION = 4.0;
				TARGETED_DEVICE_FAMILY = 1;
			};
			name = Release;
		};
/* End XCBuildConfiguration section */

/* Begin XCConfigurationList section */
		D015B14A2056135500438FE1 /* Build configuration list for PBXProject "WLTimeFrameDemo" */ = {
			isa = XCConfigurationList;
			buildConfigurations = (
				D015B15F2056135500438FE1 /* Debug */,
				D015B1602056135500438FE1 /* Release */,
			);
			defaultConfigurationIsVisible = 0;
			defaultConfigurationName = Release;
		};
		D015B1612056135500438FE1 /* Build configuration list for PBXNativeTarget "WLTimeFrame" */ = {
			isa = XCConfigurationList;
			buildConfigurations = (
				D015B1622056135500438FE1 /* Debug */,
				D015B1632056135500438FE1 /* Release */,
			);
			defaultConfigurationIsVisible = 0;
			defaultConfigurationName = Release;
		};
/* End XCConfigurationList section */
	};
	rootObject = D015B1472056135500438FE1 /* Project object */;
}
